
Microsoft Visual Studio Solution File, Format Version 11.00
# Visual Studio 2010
Project("{8BC9CEB8-8B4A-11D0-8D11-00A0C91BC942}") = "PlatformOfObserveAndControl", "PlatformOfObserveAndControl\PlatformOfObserveAndControl.vcxproj", "{E94926DF-7901-4A34-B402-5ECA9C34FE58}"
EndProject
Global
	GlobalSection(SolutionConfigurationPlatforms) = preSolution
		Debug|Win32 = Debug|Win32
		Release|Win32 = Release|Win32
	EndGlobalSection
	GlobalSection(ProjectConfigurationPlatforms) = postSolution
		{E94926DF-7901-4A34-B402-5ECA9C34FE58}.Debug|Win32.ActiveCfg = Debug|Win32
		{E94926DF-7901-4A34-B402-5ECA9C34FE58}.Debug|Win32.Build.0 = Debug|Win32
		{E94926DF-7901-4A34-B402-5ECA9C34FE58}.Release|Win32.ActiveCfg = Release|Win32
		{E94926DF-7901-4A34-B402-5ECA9C34FE58}.Release|Win32.Build.0 = Release|Win32
	EndGlobalSection
	GlobalSection(SolutionProperties) = preSolution
		HideSolutionNode = FALSE
	EndGlobalSection
EndGlobal
